
Microsoft Visual Studio Solution File, Format Version 12.00
Project("{FAE04EC0-301F-11D3-BF4B-00C04F79EFBC}") = "EASV.CS20B.FW.WorkScheduleProject", "EASV.CS20B.FW.WorkScheduleProject\EASV.CS20B.FW.WorkScheduleProject.csproj", "{047DB07F-2B1C-46C4-AA5F-12D78A03B1E2}"
EndProject
Global
	GlobalSection(SolutionConfigurationPlatforms) = preSolution
		Debug|Any CPU = Debug|Any CPU
		Release|Any CPU = Release|Any CPU
	EndGlobalSection
	GlobalSection(ProjectConfigurationPlatforms) = postSolution
		{047DB07F-2B1C-46C4-AA5F-12D78A03B1E2}.Debug|Any CPU.ActiveCfg = Debug|Any CPU
		{047DB07F-2B1C-46C4-AA5F-12D78A03B1E2}.Debug|Any CPU.Build.0 = Debug|Any CPU
		{047DB07F-2B1C-46C4-AA5F-12D78A03B1E2}.Release|Any CPU.ActiveCfg = Release|Any CPU
		{047DB07F-2B1C-46C4-AA5F-12D78A03B1E2}.Release|Any CPU.Build.0 = Release|Any CPU
	EndGlobalSection
EndGlobal
