
Microsoft Visual Studio Solution File, Format Version 12.00
Project("{2150E333-8FDC-42A3-9474-1A3956D46DE8}") = "Core", "Core", "{E00333B7-1F7B-4A18-8E03-6235BE4E5225}"
EndProject
Project("{2150E333-8FDC-42A3-9474-1A3956D46DE8}") = "Infrastructure", "Infrastructure", "{85AAE4A3-7E50-41B4-B1FD-4C3F7A32E59E}"
EndProject
Project("{2150E333-8FDC-42A3-9474-1A3956D46DE8}") = "Presentation", "Presentation", "{8253961E-F4F9-4BE3-845A-3AABAEF21E02}"
EndProject
Project("{2150E333-8FDC-42A3-9474-1A3956D46DE8}") = "Test", "Test", "{3D75FE27-8F4D-4404-A3BE-01B907E9279E}"
EndProject
Project("{FAE04EC0-301F-11D3-BF4B-00C04F79EFBC}") = "EASV.CS20B.FW.WorkScheduleProject.Core", "EASV.CS20B.FW.WorkScheduleProject.Core\EASV.CS20B.FW.WorkScheduleProject.Core.csproj", "{8C575E92-903C-469A-86C9-108A510419B5}"
EndProject
Project("{FAE04EC0-301F-11D3-BF4B-00C04F79EFBC}") = "EASV.CS20B.FW.WorkScheduleProject.Domain", "EASV.CS20B.FW.WorkScheduleProject.Domain\EASV.CS20B.FW.WorkScheduleProject.Domain.csproj", "{2F472544-ED14-4C41-BB26-90023CB652FC}"
EndProject
Project("{2150E333-8FDC-42A3-9474-1A3956D46DE8}") = "SqlDB", "SqlDB", "{52C8F3CF-6CB7-45D1-88E5-0E4F0D65F37D}"
EndProject
Project("{FAE04EC0-301F-11D3-BF4B-00C04F79EFBC}") = "EASV.CS20B.FW.WorkScheduleProject.Database", "EASV.CS20B.FW.WorkScheduleProject.Database\EASV.CS20B.FW.WorkScheduleProject.Database.csproj", "{2C5B09F8-CEF2-4455-A6D7-333E48A4622C}"
EndProject
Project("{FAE04EC0-301F-11D3-BF4B-00C04F79EFBC}") = "EASV.CS20B.FW.WorkScheduleProject.WebApi", "EASV.CS20B.FW.WorkScheduleProject.WebApi\EASV.CS20B.FW.WorkScheduleProject.WebApi.csproj", "{AD4B6FCC-A4AD-4AA3-BEF2-48B7B28562C4}"
EndProject
Project("{FAE04EC0-301F-11D3-BF4B-00C04F79EFBC}") = "EASV.CS20B.FW.WorkScheduleProject.Domain.Test", "EASV.CS20B.FW.WorkScheduleProject.Domain.Test\EASV.CS20B.FW.WorkScheduleProject.Domain.Test.csproj", "{FE6C3295-8998-4CC6-9F52-91A197B9DE8F}"
EndProject
Project("{FAE04EC0-301F-11D3-BF4B-00C04F79EFBC}") = "EASV.CS20B.FW.WorkScheduleProject.Core.Test", "EASV.CS20B.FW.WorkScheduleProject.Core.Test\EASV.CS20B.FW.WorkScheduleProject.Core.Test.csproj", "{27FC6C3E-286B-4061-9022-4A9B5BD1F30C}"
EndProject
Global
	GlobalSection(SolutionConfigurationPlatforms) = preSolution
		Debug|Any CPU = Debug|Any CPU
		Release|Any CPU = Release|Any CPU
	EndGlobalSection
	GlobalSection(ProjectConfigurationPlatforms) = postSolution
		{8C575E92-903C-469A-86C9-108A510419B5}.Debug|Any CPU.ActiveCfg = Debug|Any CPU
		{8C575E92-903C-469A-86C9-108A510419B5}.Debug|Any CPU.Build.0 = Debug|Any CPU
		{2C5B09F8-CEF2-4455-A6D7-333E48A4622C}.Debug|Any CPU.ActiveCfg = Debug|Any CPU
		{2C5B09F8-CEF2-4455-A6D7-333E48A4622C}.Debug|Any CPU.Build.0 = Debug|Any CPU
		{2F472544-ED14-4C41-BB26-90023CB652FC}.Debug|Any CPU.ActiveCfg = Debug|Any CPU
		{2F472544-ED14-4C41-BB26-90023CB652FC}.Debug|Any CPU.Build.0 = Debug|Any CPU
		{FE6C3295-8998-4CC6-9F52-91A197B9DE8F}.Debug|Any CPU.ActiveCfg = Debug|Any CPU
		{FE6C3295-8998-4CC6-9F52-91A197B9DE8F}.Debug|Any CPU.Build.0 = Debug|Any CPU
		{AD4B6FCC-A4AD-4AA3-BEF2-48B7B28562C4}.Debug|Any CPU.ActiveCfg = Debug|Any CPU
		{AD4B6FCC-A4AD-4AA3-BEF2-48B7B28562C4}.Debug|Any CPU.Build.0 = Debug|Any CPU
		{27FC6C3E-286B-4061-9022-4A9B5BD1F30C}.Debug|Any CPU.ActiveCfg = Debug|Any CPU
		{27FC6C3E-286B-4061-9022-4A9B5BD1F30C}.Debug|Any CPU.Build.0 = Debug|Any CPU
		{27FC6C3E-286B-4061-9022-4A9B5BD1F30C}.Release|Any CPU.ActiveCfg = Release|Any CPU
		{27FC6C3E-286B-4061-9022-4A9B5BD1F30C}.Release|Any CPU.Build.0 = Release|Any CPU
	EndGlobalSection
	GlobalSection(NestedProjects) = preSolution
		{8C575E92-903C-469A-86C9-108A510419B5} = {E00333B7-1F7B-4A18-8E03-6235BE4E5225}
		{2F472544-ED14-4C41-BB26-90023CB652FC} = {E00333B7-1F7B-4A18-8E03-6235BE4E5225}
		{52C8F3CF-6CB7-45D1-88E5-0E4F0D65F37D} = {85AAE4A3-7E50-41B4-B1FD-4C3F7A32E59E}
		{2C5B09F8-CEF2-4455-A6D7-333E48A4622C} = {52C8F3CF-6CB7-45D1-88E5-0E4F0D65F37D}
		{AD4B6FCC-A4AD-4AA3-BEF2-48B7B28562C4} = {8253961E-F4F9-4BE3-845A-3AABAEF21E02}
		{FE6C3295-8998-4CC6-9F52-91A197B9DE8F} = {3D75FE27-8F4D-4404-A3BE-01B907E9279E}
		{27FC6C3E-286B-4061-9022-4A9B5BD1F30C} = {3D75FE27-8F4D-4404-A3BE-01B907E9279E}
	EndGlobalSection
EndGlobal
